# This file was autogenerated by Stack.
# You should not edit this file by hand.
# For more information, please see the documentation at:
#   https://docs.haskellstack.org/en/stable/lock_files

packages:
- completed:
    hackage: postgres-options-0.2.2.0@sha256:ca9fa454f0b82c0e11967db3dd8e2045e71857af53e67e87d6f7c52f44027549,1604
    pantry-tree:
      sha256: 866e6b3787a738e3177c9cb7f50d33e920b443c53861106a5351644065dabaa1
      size: 295
  original:
    hackage: postgres-options-0.2.2.0
- completed:
    hackage: generic-monoid-0.1.0.1@sha256:a3987d6bdc9397f85f57a6c39128e3833056701ebe1235e25bb3586c589a705c,747
    pantry-tree:
      sha256: 3b79c529c53018b679fbeab5820297c77f9ce3c96710cca9fdeb77113e44c6e2
      size: 346
  original:
    hackage: generic-monoid-0.1.0.1
snapshots:
- completed:
    sha256: 9bebedd3de0195aa01fd55de7f6d4446667440297a7315e69cd72c2610af265f
    size: 713338
    url: https://raw.githubusercontent.com/commercialhaskell/stackage-snapshots/master/lts/22/18.yaml
  original: lts-22.18
